# This file was autogenerated by Stack.
# You should not edit this file by hand.
# For more information, please see the documentation at:
#   https://docs.haskellstack.org/en/stable/lock_files

packages:
- completed:
    hackage: dir-traverse-0.2.3.0@sha256:adcc128f201ff95131b15ffe41365dc99c50dc3fa3a910f021521dc734013bfa,2137
    pantry-tree:
      size: 389
      sha256: b19f0562746dfd0f8f21eccab6584592f55fb781ca3e043da9132cc23d8a5b99
  original:
    hackage: dir-traverse-0.2.3.0@sha256:adcc128f201ff95131b15ffe41365dc99c50dc3fa3a910f021521dc734013bfa,2137
- completed:
    hackage: pandoc-sidenote-0.22.1.0@sha256:44a4e9db8dcbd93fdc8b1a6e038b4d6402cace3b5f1bd3532ebd7e4e3ed0f2a2,1732
    pantry-tree:
      size: 322
      sha256: 836d587c85e9c1d37ca25e7d8fb29f460447bae9d75b400f7fa1f080ad3f2003
  original:
    hackage: pandoc-sidenote-0.22.1.0@sha256:44a4e9db8dcbd93fdc8b1a6e038b4d6402cace3b5f1bd3532ebd7e4e3ed0f2a2,1732
- completed:
    hackage: test-invariant-0.4.5.0@sha256:d1aa6b61e0057a4065eeff3286208e947a0b44c6a2186210399f5e5e7fb0d0dd,1902
    pantry-tree:
      size: 326
      sha256: 4a43697da369287edfe604a1a9d38f07fd50a49816028f25054b07842567cfa2
  original:
    hackage: test-invariant-0.4.5.0@sha256:d1aa6b61e0057a4065eeff3286208e947a0b44c6a2186210399f5e5e7fb0d0dd,1902
- completed:
    hackage: twitch-0.1.7.2@sha256:146a887da4d2d21e489ff823a6058add40c1f9c5ee8e0d00356b497092c9c624,2988
    pantry-tree:
      size: 1138
      sha256: 7e4db8b9ef3e634e68d68155901a7c3affb873b3cf9a9dca4dcc0ebb4b6eb527
  original:
    hackage: twitch-0.1.7.2@sha256:146a887da4d2d21e489ff823a6058add40c1f9c5ee8e0d00356b497092c9c624,2988
snapshots:
- completed:
    size: 619163
    url: https://raw.githubusercontent.com/commercialhaskell/stackage-snapshots/master/lts/19/16.yaml
    sha256: a27a5761890ade44d7dd21a5f5f93c87e60b9c063655fff835d69dd1071474f0
  original: lts-19.16
