# This file was autogenerated by Stack.
# You should not edit this file by hand.
# For more information, please see the documentation at:
#   https://docs.haskellstack.org/en/stable/lock_files

packages:
- completed:
    hackage: uniformBase-0.1.5.1@sha256:c5df2aad187690d9f2c93d10b98d7596c7c7da78106bcd011bf7215fa7e1ee73,2677
    pantry-tree:
      size: 267
      sha256: 1752552d8a2fb8d259900fe8f712156e6997791710ea78cf7e0a27cce719282c
  original:
    hackage: uniformBase-0.1.5.1
- completed:
    hackage: uniform-algebras-0.1.5.1@sha256:51427f3b57ba415301ac2c5c289b6bf946c22f48a0f3506b6900262a1d6ecb5b,1792
    pantry-tree:
      size: 512
      sha256: c4e60dd74383efbfb089ae36de57043e54cf1f1a28195649d0c0bad1f8b83ef6
  original:
    hackage: uniform-algebras-0.1.5.1
- completed:
    hackage: uniform-error-0.1.5.1@sha256:1c41499c1b89d6bc34e986df2001065dd4db430106469eb1e94da4f872aad819,2047
    pantry-tree:
      size: 455
      sha256: 686248c3ad523ca20bbfa72bece10f134eaa4b6aa54a59cd7970d5449963ddcc
  original:
    hackage: uniform-error-0.1.5.1
- completed:
    hackage: uniform-strings-0.1.5.1@sha256:f91eac1e7df4ab7870f43dea0882db751d82ce2a9e9a5fe2507116f874e22dd6,2753
    pantry-tree:
      size: 770
      sha256: 12c3367c28cfc10e1f888561d49a72f40b7589d232312b8b68091cb71b7782de
  original:
    hackage: uniform-strings-0.1.5.1
- completed:
    hackage: uniform-time-0.1.5.1@sha256:431288b85472fcc0c1c7cb20aa8d3aed7daacd9c1e647fdd17e589dadb072f37,1647
    pantry-tree:
      size: 267
      sha256: 34d531f741ec203e0ac132ad149bd6522449e8c24824866506c432b7e603d398
  original:
    hackage: uniform-time-0.1.5.1
- completed:
    hackage: uniform-http-0.1.5.1@sha256:aee606a0f302378e1ea87175c245484dd3ab9b6e954d26f9fbfe282900a24e1c,1266
    pantry-tree:
      size: 507
      sha256: f4615f49110f43a06efc96e16500ed47552c8be71acf35f5ecb8f3d59bcd8771
  original:
    hackage: uniform-http-0.1.5.1
- completed:
    hackage: uniform-shake-0.1.5.1@sha256:50068e4c54e29f6aa2947b4ff7c371766d8fcec9e0d4b6478e26a70bf5ad2484,1203
    pantry-tree:
      size: 383
      sha256: 2e04cbb83b3ccf222b541363c235ce0754dc8e2d8e3e831b1cbf425afe88cfff
  original:
    hackage: uniform-shake-0.1.5.1
- completed:
    hackage: uniform-watch-0.1.5.1@sha256:01f3284dee9cb25d699810ff43c69cf52cac657f3844c192247bded69d25649b,1087
    pantry-tree:
      size: 319
      sha256: ec366bfdd930ed811d3f7b442ac58d9d7e7b0164341544452b16db7b6e2ac7f8
  original:
    hackage: uniform-watch-0.1.5.1
- completed:
    hackage: uniform-webserver-0.1.5.1@sha256:814ceb49432c476691f91e733c1b43b5d5f8bebeb23e02a5d233e797f119f973,871
    pantry-tree:
      size: 381
      sha256: 01d36889cec72a0d12ac633167ac44ffe433320fe798dbd2af25f974c800fcce
  original:
    hackage: uniform-webserver-0.1.5.1
- completed:
    hackage: dir-traverse-0.2.3.0@sha256:adcc128f201ff95131b15ffe41365dc99c50dc3fa3a910f021521dc734013bfa,2137
    pantry-tree:
      size: 389
      sha256: b19f0562746dfd0f8f21eccab6584592f55fb781ca3e043da9132cc23d8a5b99
  original:
    hackage: dir-traverse-0.2.3.0
- completed:
    hackage: pandoc-sidenote-0.22.1.0@sha256:44a4e9db8dcbd93fdc8b1a6e038b4d6402cace3b5f1bd3532ebd7e4e3ed0f2a2,1732
    pantry-tree:
      size: 322
      sha256: 836d587c85e9c1d37ca25e7d8fb29f460447bae9d75b400f7fa1f080ad3f2003
  original:
    hackage: pandoc-sidenote-0.22.1.0
- completed:
    hackage: test-invariant-0.4.5.0@sha256:d1aa6b61e0057a4065eeff3286208e947a0b44c6a2186210399f5e5e7fb0d0dd,1902
    pantry-tree:
      size: 326
      sha256: 4a43697da369287edfe604a1a9d38f07fd50a49816028f25054b07842567cfa2
  original:
    hackage: test-invariant-0.4.5.0
- completed:
    hackage: twitch-0.1.7.2@sha256:146a887da4d2d21e489ff823a6058add40c1f9c5ee8e0d00356b497092c9c624,2988
    pantry-tree:
      size: 1138
      sha256: 7e4db8b9ef3e634e68d68155901a7c3affb873b3cf9a9dca4dcc0ebb4b6eb527
  original:
    hackage: twitch-0.1.7.2
- completed:
    hackage: snap-core-1.0.5.1@sha256:0d44f1bc84fcc0fcde31540d10dafb84b7d7a43211d1e35a333ae7dd5f9ab3c2,9813
    pantry-tree:
      size: 3429
      sha256: 70d0af3d09423ab0957dcecc124212fa7eb761ff87041bdfcdc927eeb2d9d49a
  original:
    hackage: snap-core-1.0.5.1
- completed:
    hackage: readable-0.3.1@sha256:ea550740bbee9ae46c6bbf1c5e5185818a1d37509b855c640b0a7f2dfba6dc37,1121
    pantry-tree:
      size: 313
      sha256: a93d2c4e208cf064a8b1e8087d7a8ea77c263115e7ba18f3ef6abe935548faca
  original:
    hackage: readable-0.3.1
- completed:
    hackage: ReplaceUmlaut-0.1.5.3@sha256:b55b9aeabcca961d2c7ed2b54ddd20ae4ff30169edddb0b606f4f9924ab2af69,2744
    pantry-tree:
      size: 1146
      sha256: 9fc777acf61e086444a350a3771f7ca957e0024d73243c290955a1f687617f86
  original:
    hackage: ReplaceUmlaut-0.1.5.3
snapshots:
- completed:
    size: 649342
    url: https://raw.githubusercontent.com/commercialhaskell/stackage-snapshots/master/lts/20/11.yaml
    sha256: adbc602422dde10cc330175da7de8609e70afc41449a7e2d6e8b1827aa0e5008
  original: lts-20.11
